
Microsoft Visual Studio Solution File, Format Version 12.00
# Visual Studio Version 16
VisualStudioVersion = 16.0.29503.13
MinimumVisualStudioVersion = 10.0.40219.1
Project("{FAE04EC0-301F-11D3-BF4B-00C04F79EFBC}") = "Practice", "Practice\Practice.csproj", "{68F35F8D-A08D-4B9F-BE50-CD069F93094A}"
EndProject
Project("{FAE04EC0-301F-11D3-BF4B-00C04F79EFBC}") = "Orthogonality", "Orthogonality\Orthogonality.csproj", "{B76738C9-A4F9-4B14-9329-6E96387CEB04}"
EndProject
Project("{FAE04EC0-301F-11D3-BF4B-00C04F79EFBC}") = "Blackjack", "Blackjack\Blackjack.csproj", "{44422B5E-568C-437C-BF77-E51D04E87EA1}"
EndProject
Project("{FAE04EC0-301F-11D3-BF4B-00C04F79EFBC}") = "Poor", "Poor\Poor.csproj", "{AAA6E8F6-DBF1-4A0F-AED8-28EA5441BB43}"
EndProject
Project("{FAE04EC0-301F-11D3-BF4B-00C04F79EFBC}") = "Brick", "Brick\Brick.csproj", "{22C5A426-197F-4DF7-99E5-3CEF38D621D0}"
EndProject
Project("{FAE04EC0-301F-11D3-BF4B-00C04F79EFBC}") = "StationandBus", "StationandBus\StationandBus.csproj", "{791F29CF-2376-4FC6-9D37-3266988B55D7}"
EndProject
Project("{FAE04EC0-301F-11D3-BF4B-00C04F79EFBC}") = "PapersPlease", "PapersPlease\PapersPlease.csproj", "{CDB0DEF3-494F-439B-BA95-F710A4C7FE5A}"
EndProject
Project("{FAE04EC0-301F-11D3-BF4B-00C04F79EFBC}") = "DontBeLate", "DontBeLate\DontBeLate.csproj", "{6DE16F76-BF54-4FB9-AE47-170F11688221}"
EndProject
Project("{FAE04EC0-301F-11D3-BF4B-00C04F79EFBC}") = "Not", "Not\Not.csproj", "{B30BCFC9-CFD3-4C1F-9C47-9DD6AF4A22C6}"
EndProject
Project("{FAE04EC0-301F-11D3-BF4B-00C04F79EFBC}") = "PluralForm", "PluralForm\PluralForm.csproj", "{4472AF45-5777-4D6C-BE20-85E79783EB74}"
EndProject
Project("{FAE04EC0-301F-11D3-BF4B-00C04F79EFBC}") = "ProductMax", "ProductMax\ProductMax.csproj", "{CC7FFCFE-AF5B-494B-A7F1-C4FDD54277B3}"
EndProject
Project("{FAE04EC0-301F-11D3-BF4B-00C04F79EFBC}") = "Quizzes", "Quizzes\Quizzes.csproj", "{87CC39C5-A5F0-42F4-9319-5B4EE8E36FCB}"
EndProject
Project("{FAE04EC0-301F-11D3-BF4B-00C04F79EFBC}") = "Round One", "Round One\Round One.csproj", "{FDCB917D-21AA-46ED-A588-93D696D11351}"
EndProject
Project("{FAE04EC0-301F-11D3-BF4B-00C04F79EFBC}") = "Train", "Train\Train.csproj", "{DF23371D-455A-4D9F-A5B2-00F95DCA15B5}"
EndProject
Project("{FAE04EC0-301F-11D3-BF4B-00C04F79EFBC}") = "NextAlphabet", "NextAlphabet\NextAlphabet.csproj", "{ADCB6623-B32D-4AC5-B195-6113523BCF88}"
EndProject
Project("{FAE04EC0-301F-11D3-BF4B-00C04F79EFBC}") = "Pair", "Pair\Pair.csproj", "{5EA2902C-D2A1-49D8-BA1A-DFFBC3282ABC}"
EndProject
Project("{FAE04EC0-301F-11D3-BF4B-00C04F79EFBC}") = "CountBalls", "CountBalls\CountBalls.csproj", "{F9765EE1-3CA6-415E-A2F0-3892AE7EBBFD}"
EndProject
Project("{FAE04EC0-301F-11D3-BF4B-00C04F79EFBC}") = "AntonandLetters", "AntonandLetters\AntonandLetters.csproj", "{EA3EAADA-5DD7-42CD-BBDD-74611D46A633}"
EndProject
Project("{FAE04EC0-301F-11D3-BF4B-00C04F79EFBC}") = "Coffee", "Coffee\Coffee.csproj", "{34309071-2E1B-4901-BE20-3191CF0DB238}"
EndProject
Project("{FAE04EC0-301F-11D3-BF4B-00C04F79EFBC}") = "AchievetheGoal", "AchievetheGoal\AchievetheGoal.csproj", "{8B42B369-DB1C-43FD-A337-1BA3C3916BBC}"
EndProject
Project("{FAE04EC0-301F-11D3-BF4B-00C04F79EFBC}") = "Battle", "Battle\Battle.csproj", "{D2C17956-B491-42EB-8088-D9D3EBF33B7C}"
EndProject
Project("{FAE04EC0-301F-11D3-BF4B-00C04F79EFBC}") = "YetAnotherTwoIntegersProblem", "YetAnotherTwoIntegersProblem\YetAnotherTwoIntegersProblem.csproj", "{9CE8AF42-4CF8-4A1F-B5C5-7041DC1E9F5C}"
EndProject
Project("{FAE04EC0-301F-11D3-BF4B-00C04F79EFBC}") = "RemoveIt", "RemoveIt\RemoveIt.csproj", "{1F73230D-7A1A-4EFA-B3EB-5EDA3425A7F5}"
EndProject
Project("{FAE04EC0-301F-11D3-BF4B-00C04F79EFBC}") = "twiblr", "twiblr\twiblr.csproj", "{9FDB30E4-D065-4256-86C9-AD50AF8BFF35}"
EndProject
Project("{FAE04EC0-301F-11D3-BF4B-00C04F79EFBC}") = "TripleDots", "TripleDots\TripleDots.csproj", "{4090F8B3-D7DD-463A-88E0-21944571BAE9}"
EndProject
Project("{FAE04EC0-301F-11D3-BF4B-00C04F79EFBC}") = "JudgeStatusSummary", "JudgeStatusSummary\JudgeStatusSummary.csproj", "{F0641CB4-36D0-43A0-8CF2-672CA30B0E5B}"
EndProject
Project("{FAE04EC0-301F-11D3-BF4B-00C04F79EFBC}") = "Distance", "Distance\Distance.csproj", "{08ECC88C-8EDD-4480-B512-1F701B29BBB6}"
EndProject
Project("{FAE04EC0-301F-11D3-BF4B-00C04F79EFBC}") = "FairDivision", "FairDivision\FairDivision.csproj", "{588F2620-F3EB-4F70-8337-AAF447E02629}"
EndProject
Project("{FAE04EC0-301F-11D3-BF4B-00C04F79EFBC}") = "HeavyRotation", "HeavyRotation\HeavyRotation.csproj", "{18B4EC99-BB2B-4C97-B793-8F5C6C28DFFB}"
EndProject
Project("{FAE04EC0-301F-11D3-BF4B-00C04F79EFBC}") = "IMissYou", "IMissYou\IMissYou.csproj", "{EBE671EB-FFC1-4988-AAB5-3A2681106E2D}"
EndProject
Project("{FAE04EC0-301F-11D3-BF4B-00C04F79EFBC}") = "GoToJail", "GoToJail\GoToJail.csproj", "{456FED15-76D6-4652-9C0C-BE0BEE7B8D9D}"
EndProject
Project("{FAE04EC0-301F-11D3-BF4B-00C04F79EFBC}") = "PlusMinus", "PlusMinus\PlusMinus.csproj", "{DDA02BE2-5A96-4F42-AA4F-9077ACDA5C39}"
EndProject
Project("{FAE04EC0-301F-11D3-BF4B-00C04F79EFBC}") = "BoringApartments", "BoringApartments\BoringApartments.csproj", "{94BE41A1-85B5-466E-8943-3CD9C82CC833}"
EndProject
Project("{FAE04EC0-301F-11D3-BF4B-00C04F79EFBC}") = "MinorChange", "MinorChange\MinorChange.csproj", "{5B263BC5-A5D5-4BC3-9FA0-BD8A081B5E53}"
EndProject
Project("{FAE04EC0-301F-11D3-BF4B-00C04F79EFBC}") = "ComparingStrings", "ComparingStrings\ComparingStrings.csproj", "{B72EAB06-8EE2-4D46-AA41-4BBEBE802141}"
EndProject
Project("{FAE04EC0-301F-11D3-BF4B-00C04F79EFBC}") = "FoxAndSnake", "FoxAndSnake\FoxAndSnake.csproj", "{70BC4C69-17D6-4665-A927-2C79943AB99B}"
EndProject
Project("{FAE04EC0-301F-11D3-BF4B-00C04F79EFBC}") = "AliceBobandCandies", "AliceBobandCandies\AliceBobandCandies.csproj", "{F0D6CCF2-6A58-4E68-8111-C0BD109FD4B6}"
EndProject
Global
	GlobalSection(SolutionConfigurationPlatforms) = preSolution
		Debug|Any CPU = Debug|Any CPU
		Release|Any CPU = Release|Any CPU
	EndGlobalSection
	GlobalSection(ProjectConfigurationPlatforms) = postSolution
		{68F35F8D-A08D-4B9F-BE50-CD069F93094A}.Debug|Any CPU.ActiveCfg = Debug|Any CPU
		{68F35F8D-A08D-4B9F-BE50-CD069F93094A}.Debug|Any CPU.Build.0 = Debug|Any CPU
		{68F35F8D-A08D-4B9F-BE50-CD069F93094A}.Release|Any CPU.ActiveCfg = Release|Any CPU
		{68F35F8D-A08D-4B9F-BE50-CD069F93094A}.Release|Any CPU.Build.0 = Release|Any CPU
		{B76738C9-A4F9-4B14-9329-6E96387CEB04}.Debug|Any CPU.ActiveCfg = Debug|Any CPU
		{B76738C9-A4F9-4B14-9329-6E96387CEB04}.Debug|Any CPU.Build.0 = Debug|Any CPU
		{B76738C9-A4F9-4B14-9329-6E96387CEB04}.Release|Any CPU.ActiveCfg = Release|Any CPU
		{B76738C9-A4F9-4B14-9329-6E96387CEB04}.Release|Any CPU.Build.0 = Release|Any CPU
		{44422B5E-568C-437C-BF77-E51D04E87EA1}.Debug|Any CPU.ActiveCfg = Debug|Any CPU
		{44422B5E-568C-437C-BF77-E51D04E87EA1}.Debug|Any CPU.Build.0 = Debug|Any CPU
		{44422B5E-568C-437C-BF77-E51D04E87EA1}.Release|Any CPU.ActiveCfg = Release|Any CPU
		{44422B5E-568C-437C-BF77-E51D04E87EA1}.Release|Any CPU.Build.0 = Release|Any CPU
		{AAA6E8F6-DBF1-4A0F-AED8-28EA5441BB43}.Debug|Any CPU.ActiveCfg = Debug|Any CPU
		{AAA6E8F6-DBF1-4A0F-AED8-28EA5441BB43}.Debug|Any CPU.Build.0 = Debug|Any CPU
		{AAA6E8F6-DBF1-4A0F-AED8-28EA5441BB43}.Release|Any CPU.ActiveCfg = Release|Any CPU
		{AAA6E8F6-DBF1-4A0F-AED8-28EA5441BB43}.Release|Any CPU.Build.0 = Release|Any CPU
		{22C5A426-197F-4DF7-99E5-3CEF38D621D0}.Debug|Any CPU.ActiveCfg = Debug|Any CPU
		{22C5A426-197F-4DF7-99E5-3CEF38D621D0}.Debug|Any CPU.Build.0 = Debug|Any CPU
		{22C5A426-197F-4DF7-99E5-3CEF38D621D0}.Release|Any CPU.ActiveCfg = Release|Any CPU
		{22C5A426-197F-4DF7-99E5-3CEF38D621D0}.Release|Any CPU.Build.0 = Release|Any CPU
		{791F29CF-2376-4FC6-9D37-3266988B55D7}.Debug|Any CPU.ActiveCfg = Debug|Any CPU
		{791F29CF-2376-4FC6-9D37-3266988B55D7}.Debug|Any CPU.Build.0 = Debug|Any CPU
		{791F29CF-2376-4FC6-9D37-3266988B55D7}.Release|Any CPU.ActiveCfg = Release|Any CPU
		{791F29CF-2376-4FC6-9D37-3266988B55D7}.Release|Any CPU.Build.0 = Release|Any CPU
		{CDB0DEF3-494F-439B-BA95-F710A4C7FE5A}.Debug|Any CPU.ActiveCfg = Debug|Any CPU
		{CDB0DEF3-494F-439B-BA95-F710A4C7FE5A}.Debug|Any CPU.Build.0 = Debug|Any CPU
		{CDB0DEF3-494F-439B-BA95-F710A4C7FE5A}.Release|Any CPU.ActiveCfg = Release|Any CPU
		{CDB0DEF3-494F-439B-BA95-F710A4C7FE5A}.Release|Any CPU.Build.0 = Release|Any CPU
		{6DE16F76-BF54-4FB9-AE47-170F11688221}.Debug|Any CPU.ActiveCfg = Debug|Any CPU
		{6DE16F76-BF54-4FB9-AE47-170F11688221}.Debug|Any CPU.Build.0 = Debug|Any CPU
		{6DE16F76-BF54-4FB9-AE47-170F11688221}.Release|Any CPU.ActiveCfg = Release|Any CPU
		{6DE16F76-BF54-4FB9-AE47-170F11688221}.Release|Any CPU.Build.0 = Release|Any CPU
		{B30BCFC9-CFD3-4C1F-9C47-9DD6AF4A22C6}.Debug|Any CPU.ActiveCfg = Debug|Any CPU
		{B30BCFC9-CFD3-4C1F-9C47-9DD6AF4A22C6}.Debug|Any CPU.Build.0 = Debug|Any CPU
		{B30BCFC9-CFD3-4C1F-9C47-9DD6AF4A22C6}.Release|Any CPU.ActiveCfg = Release|Any CPU
		{B30BCFC9-CFD3-4C1F-9C47-9DD6AF4A22C6}.Release|Any CPU.Build.0 = Release|Any CPU
		{4472AF45-5777-4D6C-BE20-85E79783EB74}.Debug|Any CPU.ActiveCfg = Debug|Any CPU
		{4472AF45-5777-4D6C-BE20-85E79783EB74}.Debug|Any CPU.Build.0 = Debug|Any CPU
		{4472AF45-5777-4D6C-BE20-85E79783EB74}.Release|Any CPU.ActiveCfg = Release|Any CPU
		{4472AF45-5777-4D6C-BE20-85E79783EB74}.Release|Any CPU.Build.0 = Release|Any CPU
		{CC7FFCFE-AF5B-494B-A7F1-C4FDD54277B3}.Debug|Any CPU.ActiveCfg = Debug|Any CPU
		{CC7FFCFE-AF5B-494B-A7F1-C4FDD54277B3}.Debug|Any CPU.Build.0 = Debug|Any CPU
		{CC7FFCFE-AF5B-494B-A7F1-C4FDD54277B3}.Release|Any CPU.ActiveCfg = Release|Any CPU
		{CC7FFCFE-AF5B-494B-A7F1-C4FDD54277B3}.Release|Any CPU.Build.0 = Release|Any CPU
		{87CC39C5-A5F0-42F4-9319-5B4EE8E36FCB}.Debug|Any CPU.ActiveCfg = Debug|Any CPU
		{87CC39C5-A5F0-42F4-9319-5B4EE8E36FCB}.Debug|Any CPU.Build.0 = Debug|Any CPU
		{87CC39C5-A5F0-42F4-9319-5B4EE8E36FCB}.Release|Any CPU.ActiveCfg = Release|Any CPU
		{87CC39C5-A5F0-42F4-9319-5B4EE8E36FCB}.Release|Any CPU.Build.0 = Release|Any CPU
		{FDCB917D-21AA-46ED-A588-93D696D11351}.Debug|Any CPU.ActiveCfg = Debug|Any CPU
		{FDCB917D-21AA-46ED-A588-93D696D11351}.Debug|Any CPU.Build.0 = Debug|Any CPU
		{FDCB917D-21AA-46ED-A588-93D696D11351}.Release|Any CPU.ActiveCfg = Release|Any CPU
		{FDCB917D-21AA-46ED-A588-93D696D11351}.Release|Any CPU.Build.0 = Release|Any CPU
		{DF23371D-455A-4D9F-A5B2-00F95DCA15B5}.Debug|Any CPU.ActiveCfg = Debug|Any CPU
		{DF23371D-455A-4D9F-A5B2-00F95DCA15B5}.Debug|Any CPU.Build.0 = Debug|Any CPU
		{DF23371D-455A-4D9F-A5B2-00F95DCA15B5}.Release|Any CPU.ActiveCfg = Release|Any CPU
		{DF23371D-455A-4D9F-A5B2-00F95DCA15B5}.Release|Any CPU.Build.0 = Release|Any CPU
		{ADCB6623-B32D-4AC5-B195-6113523BCF88}.Debug|Any CPU.ActiveCfg = Debug|Any CPU
		{ADCB6623-B32D-4AC5-B195-6113523BCF88}.Debug|Any CPU.Build.0 = Debug|Any CPU
		{ADCB6623-B32D-4AC5-B195-6113523BCF88}.Release|Any CPU.ActiveCfg = Release|Any CPU
		{ADCB6623-B32D-4AC5-B195-6113523BCF88}.Release|Any CPU.Build.0 = Release|Any CPU
		{5EA2902C-D2A1-49D8-BA1A-DFFBC3282ABC}.Debug|Any CPU.ActiveCfg = Debug|Any CPU
		{5EA2902C-D2A1-49D8-BA1A-DFFBC3282ABC}.Debug|Any CPU.Build.0 = Debug|Any CPU
		{5EA2902C-D2A1-49D8-BA1A-DFFBC3282ABC}.Release|Any CPU.ActiveCfg = Release|Any CPU
		{5EA2902C-D2A1-49D8-BA1A-DFFBC3282ABC}.Release|Any CPU.Build.0 = Release|Any CPU
		{F9765EE1-3CA6-415E-A2F0-3892AE7EBBFD}.Debug|Any CPU.ActiveCfg = Debug|Any CPU
		{F9765EE1-3CA6-415E-A2F0-3892AE7EBBFD}.Debug|Any CPU.Build.0 = Debug|Any CPU
		{F9765EE1-3CA6-415E-A2F0-3892AE7EBBFD}.Release|Any CPU.ActiveCfg = Release|Any CPU
		{F9765EE1-3CA6-415E-A2F0-3892AE7EBBFD}.Release|Any CPU.Build.0 = Release|Any CPU
		{EA3EAADA-5DD7-42CD-BBDD-74611D46A633}.Debug|Any CPU.ActiveCfg = Debug|Any CPU
		{EA3EAADA-5DD7-42CD-BBDD-74611D46A633}.Debug|Any CPU.Build.0 = Debug|Any CPU
		{EA3EAADA-5DD7-42CD-BBDD-74611D46A633}.Release|Any CPU.ActiveCfg = Release|Any CPU
		{EA3EAADA-5DD7-42CD-BBDD-74611D46A633}.Release|Any CPU.Build.0 = Release|Any CPU
		{34309071-2E1B-4901-BE20-3191CF0DB238}.Debug|Any CPU.ActiveCfg = Debug|Any CPU
		{34309071-2E1B-4901-BE20-3191CF0DB238}.Debug|Any CPU.Build.0 = Debug|Any CPU
		{34309071-2E1B-4901-BE20-3191CF0DB238}.Release|Any CPU.ActiveCfg = Release|Any CPU
		{34309071-2E1B-4901-BE20-3191CF0DB238}.Release|Any CPU.Build.0 = Release|Any CPU
		{8B42B369-DB1C-43FD-A337-1BA3C3916BBC}.Debug|Any CPU.ActiveCfg = Debug|Any CPU
		{8B42B369-DB1C-43FD-A337-1BA3C3916BBC}.Debug|Any CPU.Build.0 = Debug|Any CPU
		{8B42B369-DB1C-43FD-A337-1BA3C3916BBC}.Release|Any CPU.ActiveCfg = Release|Any CPU
		{8B42B369-DB1C-43FD-A337-1BA3C3916BBC}.Release|Any CPU.Build.0 = Release|Any CPU
		{D2C17956-B491-42EB-8088-D9D3EBF33B7C}.Debug|Any CPU.ActiveCfg = Debug|Any CPU
		{D2C17956-B491-42EB-8088-D9D3EBF33B7C}.Debug|Any CPU.Build.0 = Debug|Any CPU
		{D2C17956-B491-42EB-8088-D9D3EBF33B7C}.Release|Any CPU.ActiveCfg = Release|Any CPU
		{D2C17956-B491-42EB-8088-D9D3EBF33B7C}.Release|Any CPU.Build.0 = Release|Any CPU
		{9CE8AF42-4CF8-4A1F-B5C5-7041DC1E9F5C}.Debug|Any CPU.ActiveCfg = Debug|Any CPU
		{9CE8AF42-4CF8-4A1F-B5C5-7041DC1E9F5C}.Debug|Any CPU.Build.0 = Debug|Any CPU
		{9CE8AF42-4CF8-4A1F-B5C5-7041DC1E9F5C}.Release|Any CPU.ActiveCfg = Release|Any CPU
		{9CE8AF42-4CF8-4A1F-B5C5-7041DC1E9F5C}.Release|Any CPU.Build.0 = Release|Any CPU
		{1F73230D-7A1A-4EFA-B3EB-5EDA3425A7F5}.Debug|Any CPU.ActiveCfg = Debug|Any CPU
		{1F73230D-7A1A-4EFA-B3EB-5EDA3425A7F5}.Debug|Any CPU.Build.0 = Debug|Any CPU
		{1F73230D-7A1A-4EFA-B3EB-5EDA3425A7F5}.Release|Any CPU.ActiveCfg = Release|Any CPU
		{1F73230D-7A1A-4EFA-B3EB-5EDA3425A7F5}.Release|Any CPU.Build.0 = Release|Any CPU
		{9FDB30E4-D065-4256-86C9-AD50AF8BFF35}.Debug|Any CPU.ActiveCfg = Debug|Any CPU
		{9FDB30E4-D065-4256-86C9-AD50AF8BFF35}.Debug|Any CPU.Build.0 = Debug|Any CPU
		{9FDB30E4-D065-4256-86C9-AD50AF8BFF35}.Release|Any CPU.ActiveCfg = Release|Any CPU
		{9FDB30E4-D065-4256-86C9-AD50AF8BFF35}.Release|Any CPU.Build.0 = Release|Any CPU
		{4090F8B3-D7DD-463A-88E0-21944571BAE9}.Debug|Any CPU.ActiveCfg = Debug|Any CPU
		{4090F8B3-D7DD-463A-88E0-21944571BAE9}.Debug|Any CPU.Build.0 = Debug|Any CPU
		{4090F8B3-D7DD-463A-88E0-21944571BAE9}.Release|Any CPU.ActiveCfg = Release|Any CPU
		{4090F8B3-D7DD-463A-88E0-21944571BAE9}.Release|Any CPU.Build.0 = Release|Any CPU
		{F0641CB4-36D0-43A0-8CF2-672CA30B0E5B}.Debug|Any CPU.ActiveCfg = Debug|Any CPU
		{F0641CB4-36D0-43A0-8CF2-672CA30B0E5B}.Debug|Any CPU.Build.0 = Debug|Any CPU
		{F0641CB4-36D0-43A0-8CF2-672CA30B0E5B}.Release|Any CPU.ActiveCfg = Release|Any CPU
		{F0641CB4-36D0-43A0-8CF2-672CA30B0E5B}.Release|Any CPU.Build.0 = Release|Any CPU
		{08ECC88C-8EDD-4480-B512-1F701B29BBB6}.Debug|Any CPU.ActiveCfg = Debug|Any CPU
		{08ECC88C-8EDD-4480-B512-1F701B29BBB6}.Debug|Any CPU.Build.0 = Debug|Any CPU
		{08ECC88C-8EDD-4480-B512-1F701B29BBB6}.Release|Any CPU.ActiveCfg = Release|Any CPU
		{08ECC88C-8EDD-4480-B512-1F701B29BBB6}.Release|Any CPU.Build.0 = Release|Any CPU
		{588F2620-F3EB-4F70-8337-AAF447E02629}.Debug|Any CPU.ActiveCfg = Debug|Any CPU
		{588F2620-F3EB-4F70-8337-AAF447E02629}.Debug|Any CPU.Build.0 = Debug|Any CPU
		{588F2620-F3EB-4F70-8337-AAF447E02629}.Release|Any CPU.ActiveCfg = Release|Any CPU
		{588F2620-F3EB-4F70-8337-AAF447E02629}.Release|Any CPU.Build.0 = Release|Any CPU
		{18B4EC99-BB2B-4C97-B793-8F5C6C28DFFB}.Debug|Any CPU.ActiveCfg = Debug|Any CPU
		{18B4EC99-BB2B-4C97-B793-8F5C6C28DFFB}.Debug|Any CPU.Build.0 = Debug|Any CPU
		{18B4EC99-BB2B-4C97-B793-8F5C6C28DFFB}.Release|Any CPU.ActiveCfg = Release|Any CPU
		{18B4EC99-BB2B-4C97-B793-8F5C6C28DFFB}.Release|Any CPU.Build.0 = Release|Any CPU
		{EBE671EB-FFC1-4988-AAB5-3A2681106E2D}.Debug|Any CPU.ActiveCfg = Debug|Any CPU
		{EBE671EB-FFC1-4988-AAB5-3A2681106E2D}.Debug|Any CPU.Build.0 = Debug|Any CPU
		{EBE671EB-FFC1-4988-AAB5-3A2681106E2D}.Release|Any CPU.ActiveCfg = Release|Any CPU
		{EBE671EB-FFC1-4988-AAB5-3A2681106E2D}.Release|Any CPU.Build.0 = Release|Any CPU
		{456FED15-76D6-4652-9C0C-BE0BEE7B8D9D}.Debug|Any CPU.ActiveCfg = Debug|Any CPU
		{456FED15-76D6-4652-9C0C-BE0BEE7B8D9D}.Debug|Any CPU.Build.0 = Debug|Any CPU
		{456FED15-76D6-4652-9C0C-BE0BEE7B8D9D}.Release|Any CPU.ActiveCfg = Release|Any CPU
		{456FED15-76D6-4652-9C0C-BE0BEE7B8D9D}.Release|Any CPU.Build.0 = Release|Any CPU
		{DDA02BE2-5A96-4F42-AA4F-9077ACDA5C39}.Debug|Any CPU.ActiveCfg = Debug|Any CPU
		{DDA02BE2-5A96-4F42-AA4F-9077ACDA5C39}.Debug|Any CPU.Build.0 = Debug|Any CPU
		{DDA02BE2-5A96-4F42-AA4F-9077ACDA5C39}.Release|Any CPU.ActiveCfg = Release|Any CPU
		{DDA02BE2-5A96-4F42-AA4F-9077ACDA5C39}.Release|Any CPU.Build.0 = Release|Any CPU
		{94BE41A1-85B5-466E-8943-3CD9C82CC833}.Debug|Any CPU.ActiveCfg = Debug|Any CPU
		{94BE41A1-85B5-466E-8943-3CD9C82CC833}.Debug|Any CPU.Build.0 = Debug|Any CPU
		{94BE41A1-85B5-466E-8943-3CD9C82CC833}.Release|Any CPU.ActiveCfg = Release|Any CPU
		{94BE41A1-85B5-466E-8943-3CD9C82CC833}.Release|Any CPU.Build.0 = Release|Any CPU
		{5B263BC5-A5D5-4BC3-9FA0-BD8A081B5E53}.Debug|Any CPU.ActiveCfg = Debug|Any CPU
		{5B263BC5-A5D5-4BC3-9FA0-BD8A081B5E53}.Debug|Any CPU.Build.0 = Debug|Any CPU
		{5B263BC5-A5D5-4BC3-9FA0-BD8A081B5E53}.Release|Any CPU.ActiveCfg = Release|Any CPU
		{5B263BC5-A5D5-4BC3-9FA0-BD8A081B5E53}.Release|Any CPU.Build.0 = Release|Any CPU
		{B72EAB06-8EE2-4D46-AA41-4BBEBE802141}.Debug|Any CPU.ActiveCfg = Debug|Any CPU
		{B72EAB06-8EE2-4D46-AA41-4BBEBE802141}.Debug|Any CPU.Build.0 = Debug|Any CPU
		{B72EAB06-8EE2-4D46-AA41-4BBEBE802141}.Release|Any CPU.ActiveCfg = Release|Any CPU
		{B72EAB06-8EE2-4D46-AA41-4BBEBE802141}.Release|Any CPU.Build.0 = Release|Any CPU
		{70BC4C69-17D6-4665-A927-2C79943AB99B}.Debug|Any CPU.ActiveCfg = Debug|Any CPU
		{70BC4C69-17D6-4665-A927-2C79943AB99B}.Debug|Any CPU.Build.0 = Debug|Any CPU
		{70BC4C69-17D6-4665-A927-2C79943AB99B}.Release|Any CPU.ActiveCfg = Release|Any CPU
		{70BC4C69-17D6-4665-A927-2C79943AB99B}.Release|Any CPU.Build.0 = Release|Any CPU
		{F0D6CCF2-6A58-4E68-8111-C0BD109FD4B6}.Debug|Any CPU.ActiveCfg = Debug|Any CPU
		{F0D6CCF2-6A58-4E68-8111-C0BD109FD4B6}.Debug|Any CPU.Build.0 = Debug|Any CPU
		{F0D6CCF2-6A58-4E68-8111-C0BD109FD4B6}.Release|Any CPU.ActiveCfg = Release|Any CPU
		{F0D6CCF2-6A58-4E68-8111-C0BD109FD4B6}.Release|Any CPU.Build.0 = Release|Any CPU
	EndGlobalSection
	GlobalSection(SolutionProperties) = preSolution
		HideSolutionNode = FALSE
	EndGlobalSection
	GlobalSection(ExtensibilityGlobals) = postSolution
		SolutionGuid = {0090B72A-369C-48E6-A6E5-0B7148D8A3C1}
	EndGlobalSection
EndGlobal
